
Microsoft Visual Studio Solution File, Format Version 12.00
# Visual Studio 15
VisualStudioVersion = 15.0.28307.572
MinimumVisualStudioVersion = 10.0.40219.1
Project("{8BC9CEB8-8B4A-11D0-8D11-00A0C91BC942}") = "11403", "11403\11403.vcxproj", "{964655FA-D88B-4DB4-B79F-6244F40661EE}"
EndProject
Global
	GlobalSection(SolutionConfigurationPlatforms) = preSolution
		Debug|x64 = Debug|x64
		Debug|x86 = Debug|x86
		Release|x64 = Release|x64
		Release|x86 = Release|x86
	EndGlobalSection
	GlobalSection(ProjectConfigurationPlatforms) = postSolution
		{964655FA-D88B-4DB4-B79F-6244F40661EE}.Debug|x64.ActiveCfg = Debug|x64
		{964655FA-D88B-4DB4-B79F-6244F40661EE}.Debug|x64.Build.0 = Debug|x64
		{964655FA-D88B-4DB4-B79F-6244F40661EE}.Debug|x86.ActiveCfg = Debug|Win32
		{964655FA-D88B-4DB4-B79F-6244F40661EE}.Debug|x86.Build.0 = Debug|Win32
		{964655FA-D88B-4DB4-B79F-6244F40661EE}.Release|x64.ActiveCfg = Release|x64
		{964655FA-D88B-4DB4-B79F-6244F40661EE}.Release|x64.Build.0 = Release|x64
		{964655FA-D88B-4DB4-B79F-6244F40661EE}.Release|x86.ActiveCfg = Release|Win32
		{964655FA-D88B-4DB4-B79F-6244F40661EE}.Release|x86.Build.0 = Release|Win32
	EndGlobalSection
	GlobalSection(SolutionProperties) = preSolution
		HideSolutionNode = FALSE
	EndGlobalSection
	GlobalSection(ExtensibilityGlobals) = postSolution
		SolutionGuid = {CF5050EF-7B60-4E67-B04C-5DAEC6BC3AC9}
	EndGlobalSection
EndGlobal
